
Microsoft Visual Studio Solution File, Format Version 12.00
# Visual Studio Version 17
VisualStudioVersion = 17.11.35303.130
MinimumVisualStudioVersion = 10.0.40219.1
Project("{FAE04EC0-301F-11D3-BF4B-00C04F79EFBC}") = "ReservaVehiculos", "ReservaVehiculos\ReservaVehiculos.csproj", "{BEFFC6BE-C5C0-46BA-B422-D9711F751B07}"
EndProject
Global
	GlobalSection(SolutionConfigurationPlatforms) = preSolution
		Debug|Any CPU = Debug|Any CPU
		Release|Any CPU = Release|Any CPU
	EndGlobalSection
	GlobalSection(ProjectConfigurationPlatforms) = postSolution
		{BEFFC6BE-C5C0-46BA-B422-D9711F751B07}.Debug|Any CPU.ActiveCfg = Debug|Any CPU
		{BEFFC6BE-C5C0-46BA-B422-D9711F751B07}.Debug|Any CPU.Build.0 = Debug|Any CPU
		{BEFFC6BE-C5C0-46BA-B422-D9711F751B07}.Release|Any CPU.ActiveCfg = Release|Any CPU
		{BEFFC6BE-C5C0-46BA-B422-D9711F751B07}.Release|Any CPU.Build.0 = Release|Any CPU
	EndGlobalSection
	GlobalSection(SolutionProperties) = preSolution
		HideSolutionNode = FALSE
	EndGlobalSection
	GlobalSection(ExtensibilityGlobals) = postSolution
		SolutionGuid = {B1057308-49D8-4D71-A4D8-7C6CF4A82475}
	EndGlobalSection
EndGlobal
